// !$*UTF8*$!
{
	archiveVersion = 1;
	classes = {
	};
	objectVersion = 56;
	objects = {

/* Begin PBXBuildFile section */
		ED29E16829ADF23B00FE4FDE /* Colors.swift in Sources */ = {isa = PBXBuildFile; fileRef = ED29E16729ADF23B00FE4FDE /* Colors.swift */; };
		ED63D6E129AF7F68000A9320 /* ChessGameMode.swift in Sources */ = {isa = PBXBuildFile; fileRef = ED63D6E029AF7F68000A9320 /* ChessGameMode.swift */; };
		ED63D6E329AF8502000A9320 /* TimerInitialText.swift in Sources */ = {isa = PBXBuildFile; fileRef = ED63D6E229AF8502000A9320 /* TimerInitialText.swift */; };
		ED64375029AA2E9200876150 /* AppDelegate.swift in Sources */ = {isa = PBXBuildFile; fileRef = ED64374F29AA2E9200876150 /* AppDelegate.swift */; };
		ED64375229AA2E9200876150 /* SceneDelegate.swift in Sources */ = {isa = PBXBuildFile; fileRef = ED64375129AA2E9200876150 /* SceneDelegate.swift */; };
		ED64375429AA2E9200876150 /* MainMenuViewController.swift in Sources */ = {isa = PBXBuildFile; fileRef = ED64375329AA2E9200876150 /* MainMenuViewController.swift */; };
		ED64375929AA2E9300876150 /* Assets.xcassets in Resources */ = {isa = PBXBuildFile; fileRef = ED64375829AA2E9300876150 /* Assets.xcassets */; };
		ED64376529AA42E800876150 /* SnapKit in Frameworks */ = {isa = PBXBuildFile; productRef = ED64376429AA42E800876150 /* SnapKit */; };
		ED64376F29AA454800876150 /* MainMenuView.swift in Sources */ = {isa = PBXBuildFile; fileRef = ED64376E29AA454800876150 /* MainMenuView.swift */; };
		ED8BC45229AFCD470086AAC2 /* ActionSheets.swift in Sources */ = {isa = PBXBuildFile; fileRef = ED8BC45129AFCD470086AAC2 /* ActionSheets.swift */; };
/* End PBXBuildFile section */

/* Begin PBXFileReference section */
		ED29E16729ADF23B00FE4FDE /* Colors.swift */ = {isa = PBXFileReference; lastKnownFileType = sourcecode.swift; path = Colors.swift; sourceTree = "<group>"; };
		ED63D6E029AF7F68000A9320 /* ChessGameMode.swift */ = {isa = PBXFileReference; lastKnownFileType = sourcecode.swift; path = ChessGameMode.swift; sourceTree = "<group>"; };
		ED63D6E229AF8502000A9320 /* TimerInitialText.swift */ = {isa = PBXFileReference; lastKnownFileType = sourcecode.swift; path = TimerInitialText.swift; sourceTree = "<group>"; };
		ED64374C29AA2E9200876150 /* ChessClock.app */ = {isa = PBXFileReference; explicitFileType = wrapper.application; includeInIndex = 0; path = ChessClock.app; sourceTree = BUILT_PRODUCTS_DIR; };
		ED64374F29AA2E9200876150 /* AppDelegate.swift */ = {isa = PBXFileReference; lastKnownFileType = sourcecode.swift; path = AppDelegate.swift; sourceTree = "<group>"; };
		ED64375129AA2E9200876150 /* SceneDelegate.swift */ = {isa = PBXFileReference; lastKnownFileType = sourcecode.swift; path = SceneDelegate.swift; sourceTree = "<group>"; };
		ED64375329AA2E9200876150 /* MainMenuViewController.swift */ = {isa = PBXFileReference; lastKnownFileType = sourcecode.swift; path = MainMenuViewController.swift; sourceTree = "<group>"; };
		ED64375829AA2E9300876150 /* Assets.xcassets */ = {isa = PBXFileReference; lastKnownFileType = folder.assetcatalog; path = Assets.xcassets; sourceTree = "<group>"; };
		ED64375D29AA2E9300876150 /* Info.plist */ = {isa = PBXFileReference; lastKnownFileType = text.plist.xml; path = Info.plist; sourceTree = "<group>"; };
		ED64376E29AA454800876150 /* MainMenuView.swift */ = {isa = PBXFileReference; lastKnownFileType = sourcecode.swift; path = MainMenuView.swift; sourceTree = "<group>"; };
		ED8BC45129AFCD470086AAC2 /* ActionSheets.swift */ = {isa = PBXFileReference; lastKnownFileType = sourcecode.swift; path = ActionSheets.swift; sourceTree = "<group>"; };
/* End PBXFileReference section */

/* Begin PBXFrameworksBuildPhase section */
		ED64374929AA2E9200876150 /* Frameworks */ = {
			isa = PBXFrameworksBuildPhase;
			buildActionMask = 2147483647;
			files = (
				ED64376529AA42E800876150 /* SnapKit in Frameworks */,
			);
			runOnlyForDeploymentPostprocessing = 0;
		};
/* End PBXFrameworksBuildPhase section */

/* Begin PBXGroup section */
		ED64374329AA2E9200876150 = {
			isa = PBXGroup;
			children = (
				ED64374E29AA2E9200876150 /* ChessClock */,
				ED64374D29AA2E9200876150 /* Products */,
			);
			sourceTree = "<group>";
		};
		ED64374D29AA2E9200876150 /* Products */ = {
			isa = PBXGroup;
			children = (
				ED64374C29AA2E9200876150 /* ChessClock.app */,
			);
			name = Products;
			sourceTree = "<group>";
		};
		ED64374E29AA2E9200876150 /* ChessClock */ = {
			isa = PBXGroup;
			children = (
				ED64376C29AA44FE00876150 /* Models */,
				ED64376A29AA44DD00876150 /* Views */,
				ED64376B29AA44EA00876150 /* Controllers */,
				ED64376D29AA450500876150 /* Others */,
				ED64375D29AA2E9300876150 /* Info.plist */,
			);
			path = ChessClock;
			sourceTree = "<group>";
		};
		ED64376A29AA44DD00876150 /* Views */ = {
			isa = PBXGroup;
			children = (
				ED64376E29AA454800876150 /* MainMenuView.swift */,
			);
			path = Views;
			sourceTree = "<group>";
		};
		ED64376B29AA44EA00876150 /* Controllers */ = {
			isa = PBXGroup;
			children = (
				ED64375329AA2E9200876150 /* MainMenuViewController.swift */,
				ED8BC45129AFCD470086AAC2 /* ActionSheets.swift */,
			);
			path = Controllers;
			sourceTree = "<group>";
		};
		ED64376C29AA44FE00876150 /* Models */ = {
			isa = PBXGroup;
			children = (
				ED29E16729ADF23B00FE4FDE /* Colors.swift */,
				ED63D6E029AF7F68000A9320 /* ChessGameMode.swift */,
				ED63D6E229AF8502000A9320 /* TimerInitialText.swift */,
			);
			path = Models;
			sourceTree = "<group>";
		};
		ED64376D29AA450500876150 /* Others */ = {
			isa = PBXGroup;
			children = (
				ED64375129AA2E9200876150 /* SceneDelegate.swift */,
				ED64374F29AA2E9200876150 /* AppDelegate.swift */,
				ED64375829AA2E9300876150 /* Assets.xcassets */,
			);
			path = Others;
			sourceTree = "<group>";
		};
/* End PBXGroup section */

/* Begin PBXNativeTarget section */
		ED64374B29AA2E9200876150 /* ChessClock */ = {
			isa = PBXNativeTarget;
			buildConfigurationList = ED64376029AA2E9300876150 /* Build configuration list for PBXNativeTarget "ChessClock" */;
			buildPhases = (
				ED64374829AA2E9200876150 /* Sources */,
				ED64374929AA2E9200876150 /* Frameworks */,
				ED64374A29AA2E9200876150 /* Resources */,
			);
			buildRules = (
			);
			dependencies = (
			);
			name = ChessClock;
			packageProductDependencies = (
				ED64376429AA42E800876150 /* SnapKit */,
			);
			productName = ChessClock;
			productReference = ED64374C29AA2E9200876150 /* ChessClock.app */;
			productType = "com.apple.product-type.application";
		};
/* End PBXNativeTarget section */

/* Begin PBXProject section */
		ED64374429AA2E9200876150 /* Project object */ = {
			isa = PBXProject;
			attributes = {
				BuildIndependentTargetsInParallel = 1;
				LastSwiftUpdateCheck = 1420;
				LastUpgradeCheck = 1420;
				TargetAttributes = {
					ED64374B29AA2E9200876150 = {
						CreatedOnToolsVersion = 14.2;
					};
				};
			};
			buildConfigurationList = ED64374729AA2E9200876150 /* Build configuration list for PBXProject "ChessClock" */;
			compatibilityVersion = "Xcode 14.0";
			developmentRegion = en;
			hasScannedForEncodings = 0;
			knownRegions = (
				en,
				Base,
			);
			mainGroup = ED64374329AA2E9200876150;
			packageReferences = (
				ED64376329AA42E800876150 /* XCRemoteSwiftPackageReference "SnapKit" */,
			);
			productRefGroup = ED64374D29AA2E9200876150 /* Products */;
			projectDirPath = "";
			projectRoot = "";
			targets = (
				ED64374B29AA2E9200876150 /* ChessClock */,
			);
		};
/* End PBXProject section */

/* Begin PBXResourcesBuildPhase section */
		ED64374A29AA2E9200876150 /* Resources */ = {
			isa = PBXResourcesBuildPhase;
			buildActionMask = 2147483647;
			files = (
				ED64375929AA2E9300876150 /* Assets.xcassets in Resources */,
			);
			runOnlyForDeploymentPostprocessing = 0;
		};
/* End PBXResourcesBuildPhase section */

/* Begin PBXSourcesBuildPhase section */
		ED64374829AA2E9200876150 /* Sources */ = {
			isa = PBXSourcesBuildPhase;
			buildActionMask = 2147483647;
			files = (
				ED8BC45229AFCD470086AAC2 /* ActionSheets.swift in Sources */,
				ED64376F29AA454800876150 /* MainMenuView.swift in Sources */,
				ED29E16829ADF23B00FE4FDE /* Colors.swift in Sources */,
				ED64375429AA2E9200876150 /* MainMenuViewController.swift in Sources */,
				ED63D6E329AF8502000A9320 /* TimerInitialText.swift in Sources */,
				ED64375029AA2E9200876150 /* AppDelegate.swift in Sources */,
				ED63D6E129AF7F68000A9320 /* ChessGameMode.swift in Sources */,
				ED64375229AA2E9200876150 /* SceneDelegate.swift in Sources */,
			);
			runOnlyForDeploymentPostprocessing = 0;
		};
/* End PBXSourcesBuildPhase section */

/* Begin XCBuildConfiguration section */
		ED64375E29AA2E9300876150 /* Debug */ = {
			isa = XCBuildConfiguration;
			buildSettings = {
				ALWAYS_SEARCH_USER_PATHS = NO;
				CLANG_ANALYZER_NONNULL = YES;
				CLANG_ANALYZER_NUMBER_OBJECT_CONVERSION = YES_AGGRESSIVE;
				CLANG_CXX_LANGUAGE_STANDARD = "gnu++20";
				CLANG_ENABLE_MODULES = YES;
				CLANG_ENABLE_OBJC_ARC = YES;
				CLANG_ENABLE_OBJC_WEAK = YES;
				CLANG_WARN_BLOCK_CAPTURE_AUTORELEASING = YES;
				CLANG_WARN_BOOL_CONVERSION = YES;
				CLANG_WARN_COMMA = YES;
				CLANG_WARN_CONSTANT_CONVERSION = YES;
				CLANG_WARN_DEPRECATED_OBJC_IMPLEMENTATIONS = YES;
				CLANG_WARN_DIRECT_OBJC_ISA_USAGE = YES_ERROR;
				CLANG_WARN_DOCUMENTATION_COMMENTS = YES;
				CLANG_WARN_EMPTY_BODY = YES;
				CLANG_WARN_ENUM_CONVERSION = YES;
				CLANG_WARN_INFINITE_RECURSION = YES;
				CLANG_WARN_INT_CONVERSION = YES;
				CLANG_WARN_NON_LITERAL_NULL_CONVERSION = YES;
				CLANG_WARN_OBJC_IMPLICIT_RETAIN_SELF = YES;
				CLANG_WARN_OBJC_LITERAL_CONVERSION = YES;
				CLANG_WARN_OBJC_ROOT_CLASS = YES_ERROR;
				CLANG_WARN_QUOTED_INCLUDE_IN_FRAMEWORK_HEADER = YES;
				CLANG_WARN_RANGE_LOOP_ANALYSIS = YES;
				CLANG_WARN_STRICT_PROTOTYPES = YES;
				CLANG_WARN_SUSPICIOUS_MOVE = YES;
				CLANG_WARN_UNGUARDED_AVAILABILITY = YES_AGGRESSIVE;
				CLANG_WARN_UNREACHABLE_CODE = YES;
				CLANG_WARN__DUPLICATE_METHOD_MATCH = YES;
				COPY_PHASE_STRIP = NO;
				DEBUG_INFORMATION_FORMAT = dwarf;
				ENABLE_STRICT_OBJC_MSGSEND = YES;
				ENABLE_TESTABILITY = YES;
				GCC_C_LANGUAGE_STANDARD = gnu11;
				GCC_DYNAMIC_NO_PIC = NO;
				GCC_NO_COMMON_BLOCKS = YES;
				GCC_OPTIMIZATION_LEVEL = 0;
				GCC_PREPROCESSOR_DEFINITIONS = (
					"DEBUG=1",
					"$(inherited)",
				);
				GCC_WARN_64_TO_32_BIT_CONVERSION = YES;
				GCC_WARN_ABOUT_RETURN_TYPE = YES_ERROR;
				GCC_WARN_UNDECLARED_SELECTOR = YES;
				GCC_WARN_UNINITIALIZED_AUTOS = YES_AGGRESSIVE;
				GCC_WARN_UNUSED_FUNCTION = YES;
				GCC_WARN_UNUSED_VARIABLE = YES;
				IPHONEOS_DEPLOYMENT_TARGET = 16.2;
				MTL_ENABLE_DEBUG_INFO = INCLUDE_SOURCE;
				MTL_FAST_MATH = YES;
				ONLY_ACTIVE_ARCH = YES;
				SDKROOT = iphoneos;
				SWIFT_ACTIVE_COMPILATION_CONDITIONS = DEBUG;
				SWIFT_OPTIMIZATION_LEVEL = "-Onone";
			};
			name = Debug;
		};
		ED64375F29AA2E9300876150 /* Release */ = {
			isa = XCBuildConfiguration;
			buildSettings = {
				ALWAYS_SEARCH_USER_PATHS = NO;
				CLANG_ANALYZER_NONNULL = YES;
				CLANG_ANALYZER_NUMBER_OBJECT_CONVERSION = YES_AGGRESSIVE;
				CLANG_CXX_LANGUAGE_STANDARD = "gnu++20";
				CLANG_ENABLE_MODULES = YES;
				CLANG_ENABLE_OBJC_ARC = YES;
				CLANG_ENABLE_OBJC_WEAK = YES;
				CLANG_WARN_BLOCK_CAPTURE_AUTORELEASING = YES;
				CLANG_WARN_BOOL_CONVERSION = YES;
				CLANG_WARN_COMMA = YES;
				CLANG_WARN_CONSTANT_CONVERSION = YES;
				CLANG_WARN_DEPRECATED_OBJC_IMPLEMENTATIONS = YES;
				CLANG_WARN_DIRECT_OBJC_ISA_USAGE = YES_ERROR;
				CLANG_WARN_DOCUMENTATION_COMMENTS = YES;
				CLANG_WARN_EMPTY_BODY = YES;
				CLANG_WARN_ENUM_CONVERSION = YES;
				CLANG_WARN_INFINITE_RECURSION = YES;
				CLANG_WARN_INT_CONVERSION = YES;
				CLANG_WARN_NON_LITERAL_NULL_CONVERSION = YES;
				CLANG_WARN_OBJC_IMPLICIT_RETAIN_SELF = YES;
				CLANG_WARN_OBJC_LITERAL_CONVERSION = YES;
				CLANG_WARN_OBJC_ROOT_CLASS = YES_ERROR;
				CLANG_WARN_QUOTED_INCLUDE_IN_FRAMEWORK_HEADER = YES;
				CLANG_WARN_RANGE_LOOP_ANALYSIS = YES;
				CLANG_WARN_STRICT_PROTOTYPES = YES;
				CLANG_WARN_SUSPICIOUS_MOVE = YES;
				CLANG_WARN_UNGUARDED_AVAILABILITY = YES_AGGRESSIVE;
				CLANG_WARN_UNREACHABLE_CODE = YES;
				CLANG_WARN__DUPLICATE_METHOD_MATCH = YES;
				COPY_PHASE_STRIP = NO;
				DEBUG_INFORMATION_FORMAT = "dwarf-with-dsym";
				ENABLE_NS_ASSERTIONS = NO;
				ENABLE_STRICT_OBJC_MSGSEND = YES;
				GCC_C_LANGUAGE_STANDARD = gnu11;
				GCC_NO_COMMON_BLOCKS = YES;
				GCC_WARN_64_TO_32_BIT_CONVERSION = YES;
				GCC_WARN_ABOUT_RETURN_TYPE = YES_ERROR;
				GCC_WARN_UNDECLARED_SELECTOR = YES;
				GCC_WARN_UNINITIALIZED_AUTOS = YES_AGGRESSIVE;
				GCC_WARN_UNUSED_FUNCTION = YES;
				GCC_WARN_UNUSED_VARIABLE = YES;
				IPHONEOS_DEPLOYMENT_TARGET = 16.2;
				MTL_ENABLE_DEBUG_INFO = NO;
				MTL_FAST_MATH = YES;
				SDKROOT = iphoneos;
				SWIFT_COMPILATION_MODE = wholemodule;
				SWIFT_OPTIMIZATION_LEVEL = "-O";
				VALIDATE_PRODUCT = YES;
			};
			name = Release;
		};
		ED64376129AA2E9300876150 /* Debug */ = {
			isa = XCBuildConfiguration;
			buildSettings = {
				ASSETCATALOG_COMPILER_APPICON_NAME = AppIcon;
				ASSETCATALOG_COMPILER_GLOBAL_ACCENT_COLOR_NAME = AccentColor;
				CODE_SIGN_STYLE = Automatic;
				CURRENT_PROJECT_VERSION = 1;
				DEVELOPMENT_TEAM = V3LDJGM5SK;
				GENERATE_INFOPLIST_FILE = YES;
				INFOPLIST_FILE = ChessClock/Info.plist;
				INFOPLIST_KEY_UIApplicationSupportsIndirectInputEvents = YES;
				INFOPLIST_KEY_UILaunchStoryboardName = LaunchScreen;
				INFOPLIST_KEY_UISupportedInterfaceOrientations = UIInterfaceOrientationPortrait;
				INFOPLIST_KEY_UISupportedInterfaceOrientations_iPad = "UIInterfaceOrientationLandscapeLeft UIInterfaceOrientationLandscapeRight UIInterfaceOrientationPortrait UIInterfaceOrientationPortraitUpsideDown";
				IPHONEOS_DEPLOYMENT_TARGET = 13.0;
				LD_RUNPATH_SEARCH_PATHS = (
					"$(inherited)",
					"@executable_path/Frameworks",
				);
				MARKETING_VERSION = 1.0;
				PRODUCT_BUNDLE_IDENTIFIER = ru.KorFa1.ChessClock;
				PRODUCT_NAME = "$(TARGET_NAME)";
				SUPPORTED_PLATFORMS = "iphoneos iphonesimulator";
				SUPPORTS_MACCATALYST = NO;
				SUPPORTS_MAC_DESIGNED_FOR_IPHONE_IPAD = NO;
				SWIFT_EMIT_LOC_STRINGS = YES;
				SWIFT_VERSION = 5.0;
				TARGETED_DEVICE_FAMILY = 1;
			};
			name = Debug;
		};
		ED64376229AA2E9300876150 /* Release */ = {
			isa = XCBuildConfiguration;
			buildSettings = {
				ASSETCATALOG_COMPILER_APPICON_NAME = AppIcon;
				ASSETCATALOG_COMPILER_GLOBAL_ACCENT_COLOR_NAME = AccentColor;
				CODE_SIGN_STYLE = Automatic;
				CURRENT_PROJECT_VERSION = 1;
				DEVELOPMENT_TEAM = V3LDJGM5SK;
				GENERATE_INFOPLIST_FILE = YES;
				INFOPLIST_FILE = ChessClock/Info.plist;
				INFOPLIST_KEY_UIApplicationSupportsIndirectInputEvents = YES;
				INFOPLIST_KEY_UILaunchStoryboardName = LaunchScreen;
				INFOPLIST_KEY_UISupportedInterfaceOrientations = UIInterfaceOrientationPortrait;
				INFOPLIST_KEY_UISupportedInterfaceOrientations_iPad = "UIInterfaceOrientationLandscapeLeft UIInterfaceOrientationLandscapeRight UIInterfaceOrientationPortrait UIInterfaceOrientationPortraitUpsideDown";
				IPHONEOS_DEPLOYMENT_TARGET = 13.0;
				LD_RUNPATH_SEARCH_PATHS = (
					"$(inherited)",
					"@executable_path/Frameworks",
				);
				MARKETING_VERSION = 1.0;
				PRODUCT_BUNDLE_IDENTIFIER = ru.KorFa1.ChessClock;
				PRODUCT_NAME = "$(TARGET_NAME)";
				SUPPORTED_PLATFORMS = "iphoneos iphonesimulator";
				SUPPORTS_MACCATALYST = NO;
				SUPPORTS_MAC_DESIGNED_FOR_IPHONE_IPAD = NO;
				SWIFT_EMIT_LOC_STRINGS = YES;
				SWIFT_VERSION = 5.0;
				TARGETED_DEVICE_FAMILY = 1;
			};
			name = Release;
		};
/* End XCBuildConfiguration section */

/* Begin XCConfigurationList section */
		ED64374729AA2E9200876150 /* Build configuration list for PBXProject "ChessClock" */ = {
			isa = XCConfigurationList;
			buildConfigurations = (
				ED64375E29AA2E9300876150 /* Debug */,
				ED64375F29AA2E9300876150 /* Release */,
			);
			defaultConfigurationIsVisible = 0;
			defaultConfigurationName = Release;
		};
		ED64376029AA2E9300876150 /* Build configuration list for PBXNativeTarget "ChessClock" */ = {
			isa = XCConfigurationList;
			buildConfigurations = (
				ED64376129AA2E9300876150 /* Debug */,
				ED64376229AA2E9300876150 /* Release */,
			);
			defaultConfigurationIsVisible = 0;
			defaultConfigurationName = Release;
		};
/* End XCConfigurationList section */

/* Begin XCRemoteSwiftPackageReference section */
		ED64376329AA42E800876150 /* XCRemoteSwiftPackageReference "SnapKit" */ = {
			isa = XCRemoteSwiftPackageReference;
			repositoryURL = "https://github.com/SnapKit/SnapKit.git";
			requirement = {
				branch = develop;
				kind = branch;
			};
		};
/* End XCRemoteSwiftPackageReference section */

/* Begin XCSwiftPackageProductDependency section */
		ED64376429AA42E800876150 /* SnapKit */ = {
			isa = XCSwiftPackageProductDependency;
			package = ED64376329AA42E800876150 /* XCRemoteSwiftPackageReference "SnapKit" */;
			productName = SnapKit;
		};
/* End XCSwiftPackageProductDependency section */
	};
	rootObject = ED64374429AA2E9200876150 /* Project object */;
}
